{
  "name": "backend",
  "requires": true,
  "lockfileVersion": 1,
  "dependencies": {
    "react-native-open-maps": {
      "version": "0.1.1",
      "resolved": "https://registry.npmjs.org/react-native-open-maps/-/react-native-open-maps-0.1.1.tgz",
      "integrity": "sha1-hr3YLyq+AiL7P2zkELf/RJlmLO0="
    }
  }
}
